
Microsoft Visual Studio Solution File, Format Version 12.00
# Visual Studio Version 17
VisualStudioVersion = 17.5.002.0
MinimumVisualStudioVersion = 10.0.40219.1
Project("{9A19103F-16F7-4668-BE54-9A1E7A4F7556}") = "BibsAPI", "BibsAPI\BibsAPI.csproj", "{BFA256FF-4308-4E1E-9861-35AB7CD5804A}"
EndProject
Global
	GlobalSection(SolutionConfigurationPlatforms) = preSolution
		Debug|Any CPU = Debug|Any CPU
		Release|Any CPU = Release|Any CPU
	EndGlobalSection
	GlobalSection(ProjectConfigurationPlatforms) = postSolution
		{BFA256FF-4308-4E1E-9861-35AB7CD5804A}.Debug|Any CPU.ActiveCfg = Debug|Any CPU
		{BFA256FF-4308-4E1E-9861-35AB7CD5804A}.Debug|Any CPU.Build.0 = Debug|Any CPU
		{BFA256FF-4308-4E1E-9861-35AB7CD5804A}.Release|Any CPU.ActiveCfg = Release|Any CPU
		{BFA256FF-4308-4E1E-9861-35AB7CD5804A}.Release|Any CPU.Build.0 = Release|Any CPU
	EndGlobalSection
	GlobalSection(SolutionProperties) = preSolution
		HideSolutionNode = FALSE
	EndGlobalSection
	GlobalSection(ExtensibilityGlobals) = postSolution
		SolutionGuid = {AE25402D-1DCE-4779-8996-B49181C03EEF}
	EndGlobalSection
EndGlobal
